
Microsoft Visual Studio Solution File, Format Version 12.00
# Visual Studio Version 16
VisualStudioVersion = 16.0.31129.286
MinimumVisualStudioVersion = 10.0.40219.1
Project("{FAE04EC0-301F-11D3-BF4B-00C04F79EFBC}") = "Operators_Exercise", "Operators_Exercise.csproj", "{CC25E52E-4A8E-492B-9C5A-B9F29E3504B6}"
EndProject
Global
	GlobalSection(SolutionConfigurationPlatforms) = preSolution
		Debug|Any CPU = Debug|Any CPU
		Release|Any CPU = Release|Any CPU
	EndGlobalSection
	GlobalSection(ProjectConfigurationPlatforms) = postSolution
		{CC25E52E-4A8E-492B-9C5A-B9F29E3504B6}.Debug|Any CPU.ActiveCfg = Debug|Any CPU
		{CC25E52E-4A8E-492B-9C5A-B9F29E3504B6}.Debug|Any CPU.Build.0 = Debug|Any CPU
		{CC25E52E-4A8E-492B-9C5A-B9F29E3504B6}.Release|Any CPU.ActiveCfg = Release|Any CPU
		{CC25E52E-4A8E-492B-9C5A-B9F29E3504B6}.Release|Any CPU.Build.0 = Release|Any CPU
	EndGlobalSection
	GlobalSection(SolutionProperties) = preSolution
		HideSolutionNode = FALSE
	EndGlobalSection
	GlobalSection(ExtensibilityGlobals) = postSolution
		SolutionGuid = {767AA85F-E1A3-44D9-90E7-EF092F4A3BB0}
	EndGlobalSection
EndGlobal
